
Microsoft Visual Studio Solution File, Format Version 12.00
# Visual Studio 15
Project("{FAE04EC0-301F-11D3-BF4B-00C04F79EFBC}") = "Assembly-CSharp", "Assembly-CSharp.csproj", "{C66639CA-7549-6AB0-FA23-DA83A85CFDE5}"
EndProject
Project("{FAE04EC0-301F-11D3-BF4B-00C04F79EFBC}") = "Assembly-CSharp-Editor", "Assembly-CSharp-Editor.csproj", "{14D2686D-16C1-13E0-26A8-5281CEF46EC8}"
EndProject
Global
	GlobalSection(SolutionConfigurationPlatforms) = preSolution
		Debug|Any CPU = Debug|Any CPU
		Release|Any CPU = Release|Any CPU
	EndGlobalSection
	GlobalSection(ProjectConfigurationPlatforms) = postSolution
		{C66639CA-7549-6AB0-FA23-DA83A85CFDE5}.Debug|Any CPU.ActiveCfg = Debug|Any CPU
		{C66639CA-7549-6AB0-FA23-DA83A85CFDE5}.Debug|Any CPU.Build.0 = Debug|Any CPU
		{C66639CA-7549-6AB0-FA23-DA83A85CFDE5}.Release|Any CPU.ActiveCfg = Release|Any CPU
		{C66639CA-7549-6AB0-FA23-DA83A85CFDE5}.Release|Any CPU.Build.0 = Release|Any CPU
		{14D2686D-16C1-13E0-26A8-5281CEF46EC8}.Debug|Any CPU.ActiveCfg = Debug|Any CPU
		{14D2686D-16C1-13E0-26A8-5281CEF46EC8}.Debug|Any CPU.Build.0 = Debug|Any CPU
		{14D2686D-16C1-13E0-26A8-5281CEF46EC8}.Release|Any CPU.ActiveCfg = Release|Any CPU
		{14D2686D-16C1-13E0-26A8-5281CEF46EC8}.Release|Any CPU.Build.0 = Release|Any CPU
	EndGlobalSection
	GlobalSection(SolutionProperties) = preSolution
		HideSolutionNode = FALSE
	EndGlobalSection
EndGlobal
